# This file is autogenerated by DevCovenant dependency-management.

PySide6==6.11.0 \
    --hash=sha256:1f2735dc4f2bd4ec452ae50502c8a22128bba0aced35358a2bbc58384b820c6f \
    --hash=sha256:9092cb002ca43c64006afb2e0d0f6f51aef17aa737c33a45e502326a081ddcbc \
    --hash=sha256:c642e2d25704ca746fd37f56feacf25c5aecc4cd40bef23d18eec81f87d9dc00
    # via -r pyproject.toml

PySide6_Addons==6.11.0 \
    --hash=sha256:413e6121c24f5ffdce376298059eddecff74aa6d638e94e0f6015b33d29b889e \
    --hash=sha256:ac6fe3d4ef4497dde3efc5e896b0acd53ff6c93be4bf485f045690f919419f35 \
    --hash=sha256:d5eaa4643302e3a0fa94c5766234bee4073d7d5ab9c2b7fd222692a176faf182
    # via -r pyproject.toml

PySide6_Essentials==6.11.0 \
    --hash=sha256:3b3362882ad9389357a80504e600180006a957731fec05786fced7b038461fdf \
    --hash=sha256:85d6ca87ef35fa6565d385ede72ae48420dd3f63113929d10fc800f6b0360e01 \
    --hash=sha256:dc20e7afd5fc6fe51297db91cef997ce60844be578f7a49fc61b7ab9657a8849
    # via -r pyproject.toml

rubicon-objc==0.5.3 ; (sys_platform == "darwin" and python_version == "3.11") or (sys_platform == "darwin" and python_version == "3.12") or (sys_platform == "darwin" and python_version == "3.13") or (sys_platform == "darwin" and python_version == "3.14") \
    --hash=sha256:31dedcda9be38435f5ec067906e1eea5d0ddb790330e98a22e94ff424758b415
    # via -r pyproject.toml

shiboken6==6.11.0 \
    --hash=sha256:483ff78a73c7b3189ca924abc694318084f078bcfeaffa68e32024ff2d025ee1 \
    --hash=sha256:ad54e64f8192ddbdff0c54ac82b89edcd62ed623f502ea21c960541d19514053 \
    --hash=sha256:d88e8a1eb705f2b9ad21db08a61ae1dc0c773e5cd86a069de0754c4cf1f9b43b
    # via -r pyproject.toml
